<?xml version="1.0" encoding="utf-8"?>
<Project ToolsVersion="4.0" xmlns="http://schemas.microsoft.com/developer/msbuild/2003">
  <ItemGroup>
    <ClCompile Include="main.cpp" />
    <ClCompile Include="cnet\cnet_type.cpp">
      <Filter>cnet</Filter>
    </ClCompile>
    <ClCompile Include="cutil\cdigit2str.cpp">
      <Filter>cutil</Filter>
    </ClCompile>
    <ClCompile Include="credis\credis_mgr.cpp">
      <Filter>credis</Filter>
    </ClCompile>
    <ClCompile Include="cserver\credis_cfg.cpp">
      <Filter>cserver</Filter>
    </ClCompile>
    <ClCompile Include="cconfig\cconfig.cpp">
      <Filter>cconfig</Filter>
    </ClCompile>
    <ClCompile Include="clog\clog.cpp">
      <Filter>clog</Filter>
    </ClCompile>
    <ClCompile Include="ctime\ctime_api.cpp">
      <Filter>ctime</Filter>
    </ClCompile>
    <ClCompile Include="credis\credis.cpp">
      <Filter>credis</Filter>
    </ClCompile>
    <ClCompile Include="credis\credis_request.cpp">
      <Filter>credis</Filter>
    </ClCompile>
    <ClCompile Include="credis\credis_master.cpp">
      <Filter>credis</Filter>
    </ClCompile>
    <ClCompile Include="credis\credis_slave.cpp">
      <Filter>credis</Filter>
    </ClCompile>
    <ClCompile Include="credis\credis_sentinel.cpp">
      <Filter>credis</Filter>
    </ClCompile>
  </ItemGroup>
  <ItemGroup>
    <Filter Include="cutil">
      <UniqueIdentifier>{0aa990a0-c109-4b68-aea8-407124f110b9}</UniqueIdentifier>
    </Filter>
    <Filter Include="cnet">
      <UniqueIdentifier>{48c3cd3f-1836-4194-a8ac-291b5cd9e8ee}</UniqueIdentifier>
    </Filter>
    <Filter Include="credis">
      <UniqueIdentifier>{f6e19d58-dadd-4cc7-8a99-8fb95c6dc6cb}</UniqueIdentifier>
    </Filter>
    <Filter Include="clog">
      <UniqueIdentifier>{875dd1d2-9b95-479d-8962-90476d411a22}</UniqueIdentifier>
    </Filter>
    <Filter Include="cconfig">
      <UniqueIdentifier>{19d08ee1-22fd-42ff-8794-219288f47f8a}</UniqueIdentifier>
    </Filter>
    <Filter Include="cserver">
      <UniqueIdentifier>{f55a3431-1554-4f89-b30e-79bc80f003b6}</UniqueIdentifier>
    </Filter>
    <Filter Include="ctime">
      <UniqueIdentifier>{29f9ecd5-cc83-4d2f-bae6-d34d2be638ad}</UniqueIdentifier>
    </Filter>
  </ItemGroup>
  <ItemGroup>
    <ClInclude Include="cutil\cnoncopyable.h">
      <Filter>cutil</Filter>
    </ClInclude>
    <ClInclude Include="cutil\csingleton.h">
      <Filter>cutil</Filter>
    </ClInclude>
    <ClInclude Include="cnet\cnet_type.h">
      <Filter>cnet</Filter>
    </ClInclude>
    <ClInclude Include="cutil\cdigit2str.h">
      <Filter>cutil</Filter>
    </ClInclude>
    <ClInclude Include="credis\credis_mgr.h">
      <Filter>credis</Filter>
    </ClInclude>
    <ClInclude Include="clog\clog.h">
      <Filter>clog</Filter>
    </ClInclude>
    <ClInclude Include="cserver\credis_cfg.h">
      <Filter>cserver</Filter>
    </ClInclude>
    <ClInclude Include="cconfig\cconfig.h">
      <Filter>cconfig</Filter>
    </ClInclude>
    <ClInclude Include="ctime\ctime_api.h">
      <Filter>ctime</Filter>
    </ClInclude>
    <ClInclude Include="ctime\ctime_const.h">
      <Filter>ctime</Filter>
    </ClInclude>
    <ClInclude Include="credis\credis.h">
      <Filter>credis</Filter>
    </ClInclude>
    <ClInclude Include="credis\credis_request.h">
      <Filter>credis</Filter>
    </ClInclude>
    <ClInclude Include="credis\credis_master.h">
      <Filter>credis</Filter>
    </ClInclude>
    <ClInclude Include="credis\credis_slave.h">
      <Filter>credis</Filter>
    </ClInclude>
    <ClInclude Include="credis\credis_sentinel.h">
      <Filter>credis</Filter>
    </ClInclude>
  </ItemGroup>
</Project>